
Microsoft Visual Studio Solution File, Format Version 12.00
# Visual Studio 14
VisualStudioVersion = 14.0.24720.0
MinimumVisualStudioVersion = 10.0.40219.1
Project("{FAE04EC0-301F-11D3-BF4B-00C04F79EFBC}") = "Domain", "Domain\Domain.csproj", "{5A69E765-34B4-46DA-8BD8-FF2C698C09FE}"
EndProject
Project("{FAE04EC0-301F-11D3-BF4B-00C04F79EFBC}") = "Web", "Web\Web.csproj", "{19A92DC6-585F-4EA2-8D91-1A9C01A83DB3}"
EndProject
Project("{FAE04EC0-301F-11D3-BF4B-00C04F79EFBC}") = "ConsoleTestApp", "ConsoleTestApp\ConsoleTestApp.csproj", "{A69C5E27-8CB1-4065-9A6C-9CE43B71E53A}"
EndProject
Project("{FAE04EC0-301F-11D3-BF4B-00C04F79EFBC}") = "DAL", "DAL\DAL.csproj", "{00F25CD1-98A3-4C36-A6ED-41647FFD855C}"
EndProject
Project("{FAE04EC0-301F-11D3-BF4B-00C04F79EFBC}") = "BLL", "BLL\BLL.csproj", "{0C909E46-46EF-48AD-BAFE-27C139A9FF78}"
EndProject
Project("{2150E333-8FDC-42A3-9474-1A3956D46DE8}") = "Solution Items", "Solution Items", "{2F2F5E5C-C743-4885-87FB-BF7415C9F243}"
	ProjectSection(SolutionItems) = preProject
		arved.xml = arved.xml
		..\..\..\Desktop\arved.xsd = ..\..\..\Desktop\arved.xsd
		arved.xslt = arved.xslt
	EndProjectSection
EndProject
Global
	GlobalSection(SolutionConfigurationPlatforms) = preSolution
		Debug|Any CPU = Debug|Any CPU
		Release|Any CPU = Release|Any CPU
	EndGlobalSection
	GlobalSection(ProjectConfigurationPlatforms) = postSolution
		{5A69E765-34B4-46DA-8BD8-FF2C698C09FE}.Debug|Any CPU.ActiveCfg = Debug|Any CPU
		{5A69E765-34B4-46DA-8BD8-FF2C698C09FE}.Debug|Any CPU.Build.0 = Debug|Any CPU
		{5A69E765-34B4-46DA-8BD8-FF2C698C09FE}.Release|Any CPU.ActiveCfg = Release|Any CPU
		{5A69E765-34B4-46DA-8BD8-FF2C698C09FE}.Release|Any CPU.Build.0 = Release|Any CPU
		{19A92DC6-585F-4EA2-8D91-1A9C01A83DB3}.Debug|Any CPU.ActiveCfg = Debug|Any CPU
		{19A92DC6-585F-4EA2-8D91-1A9C01A83DB3}.Debug|Any CPU.Build.0 = Debug|Any CPU
		{19A92DC6-585F-4EA2-8D91-1A9C01A83DB3}.Release|Any CPU.ActiveCfg = Release|Any CPU
		{19A92DC6-585F-4EA2-8D91-1A9C01A83DB3}.Release|Any CPU.Build.0 = Release|Any CPU
		{A69C5E27-8CB1-4065-9A6C-9CE43B71E53A}.Debug|Any CPU.ActiveCfg = Debug|Any CPU
		{A69C5E27-8CB1-4065-9A6C-9CE43B71E53A}.Debug|Any CPU.Build.0 = Debug|Any CPU
		{A69C5E27-8CB1-4065-9A6C-9CE43B71E53A}.Release|Any CPU.ActiveCfg = Release|Any CPU
		{A69C5E27-8CB1-4065-9A6C-9CE43B71E53A}.Release|Any CPU.Build.0 = Release|Any CPU
		{00F25CD1-98A3-4C36-A6ED-41647FFD855C}.Debug|Any CPU.ActiveCfg = Debug|Any CPU
		{00F25CD1-98A3-4C36-A6ED-41647FFD855C}.Debug|Any CPU.Build.0 = Debug|Any CPU
		{00F25CD1-98A3-4C36-A6ED-41647FFD855C}.Release|Any CPU.ActiveCfg = Release|Any CPU
		{00F25CD1-98A3-4C36-A6ED-41647FFD855C}.Release|Any CPU.Build.0 = Release|Any CPU
		{0C909E46-46EF-48AD-BAFE-27C139A9FF78}.Debug|Any CPU.ActiveCfg = Debug|Any CPU
		{0C909E46-46EF-48AD-BAFE-27C139A9FF78}.Debug|Any CPU.Build.0 = Debug|Any CPU
		{0C909E46-46EF-48AD-BAFE-27C139A9FF78}.Release|Any CPU.ActiveCfg = Release|Any CPU
		{0C909E46-46EF-48AD-BAFE-27C139A9FF78}.Release|Any CPU.Build.0 = Release|Any CPU
	EndGlobalSection
	GlobalSection(SolutionProperties) = preSolution
		HideSolutionNode = FALSE
	EndGlobalSection
EndGlobal
